
Microsoft Visual Studio Solution File, Format Version 12.00
# Visual Studio Version 16
VisualStudioVersion = 16.0.29123.88
MinimumVisualStudioVersion = 10.0.40219.1
Project("{8BC9CEB8-8B4A-11D0-8D11-00A0C91BC942}") = "Chapter02", "Chapter02\Chapter02.vcxproj", "{C75E5CC6-836E-4B1A-BFD4-B2A2D66750C8}"
EndProject
Project("{8BC9CEB8-8B4A-11D0-8D11-00A0C91BC942}") = "Chapter03", "Chapter03\Chapter03.vcxproj", "{94721ECD-9B05-423F-936C-1D425926337F}"
EndProject
Project("{8BC9CEB8-8B4A-11D0-8D11-00A0C91BC942}") = "Chapter04", "Chapter04\Chapter04.vcxproj", "{1909E052-890B-448F-8D80-5A50FB3E2C4F}"
EndProject
Project("{8BC9CEB8-8B4A-11D0-8D11-00A0C91BC942}") = "Chapter05", "Chapter05\Chapter05.vcxproj", "{6427A147-7C34-487F-9A23-7450BE1E5AF4}"
EndProject
Project("{8BC9CEB8-8B4A-11D0-8D11-00A0C91BC942}") = "Chapter06", "Chapter06\Chapter06.vcxproj", "{71D3BBE5-996A-4D27-B0AE-DAD1AC455D98}"
EndProject
Project("{8BC9CEB8-8B4A-11D0-8D11-00A0C91BC942}") = "Chapter07", "Chapter07\Chapter07.vcxproj", "{00A38308-5F20-469D-AB7F-CF4DA9B36335}"
EndProject
Project("{8BC9CEB8-8B4A-11D0-8D11-00A0C91BC942}") = "Chapter08", "Chapter08\Chapter08.vcxproj", "{C14DDF88-B629-4177-977A-F3840CF1D01D}"
EndProject
Project("{8BC9CEB8-8B4A-11D0-8D11-00A0C91BC942}") = "Chapter09", "Chapter09\Chapter09.vcxproj", "{FC5697E3-0DA1-4C4F-BB64-17A3570ADD21}"
EndProject
Project("{8BC9CEB8-8B4A-11D0-8D11-00A0C91BC942}") = "Chapter10", "Chapter10\Chapter10.vcxproj", "{0FBB54A7-427E-4BCE-8D58-34F7867267CC}"
EndProject
Project("{8BC9CEB8-8B4A-11D0-8D11-00A0C91BC942}") = "Chapter11", "Chapter11\Chapter11.vcxproj", "{42D29997-32A1-486E-BA89-44C742287C4A}"
EndProject
Global
	GlobalSection(SolutionConfigurationPlatforms) = preSolution
		Debug|x64 = Debug|x64
		Debug|x86 = Debug|x86
		Release|x64 = Release|x64
		Release|x86 = Release|x86
	EndGlobalSection
	GlobalSection(ProjectConfigurationPlatforms) = postSolution
		{C75E5CC6-836E-4B1A-BFD4-B2A2D66750C8}.Debug|x64.ActiveCfg = Debug|x64
		{C75E5CC6-836E-4B1A-BFD4-B2A2D66750C8}.Debug|x64.Build.0 = Debug|x64
		{C75E5CC6-836E-4B1A-BFD4-B2A2D66750C8}.Debug|x86.ActiveCfg = Debug|Win32
		{C75E5CC6-836E-4B1A-BFD4-B2A2D66750C8}.Debug|x86.Build.0 = Debug|Win32
		{C75E5CC6-836E-4B1A-BFD4-B2A2D66750C8}.Release|x64.ActiveCfg = Release|x64
		{C75E5CC6-836E-4B1A-BFD4-B2A2D66750C8}.Release|x64.Build.0 = Release|x64
		{C75E5CC6-836E-4B1A-BFD4-B2A2D66750C8}.Release|x86.ActiveCfg = Release|Win32
		{C75E5CC6-836E-4B1A-BFD4-B2A2D66750C8}.Release|x86.Build.0 = Release|Win32
		{94721ECD-9B05-423F-936C-1D425926337F}.Debug|x64.ActiveCfg = Debug|x64
		{94721ECD-9B05-423F-936C-1D425926337F}.Debug|x64.Build.0 = Debug|x64
		{94721ECD-9B05-423F-936C-1D425926337F}.Debug|x86.ActiveCfg = Debug|Win32
		{94721ECD-9B05-423F-936C-1D425926337F}.Debug|x86.Build.0 = Debug|Win32
		{94721ECD-9B05-423F-936C-1D425926337F}.Release|x64.ActiveCfg = Release|x64
		{94721ECD-9B05-423F-936C-1D425926337F}.Release|x64.Build.0 = Release|x64
		{94721ECD-9B05-423F-936C-1D425926337F}.Release|x86.ActiveCfg = Release|Win32
		{94721ECD-9B05-423F-936C-1D425926337F}.Release|x86.Build.0 = Release|Win32
		{1909E052-890B-448F-8D80-5A50FB3E2C4F}.Debug|x64.ActiveCfg = Debug|x64
		{1909E052-890B-448F-8D80-5A50FB3E2C4F}.Debug|x64.Build.0 = Debug|x64
		{1909E052-890B-448F-8D80-5A50FB3E2C4F}.Debug|x86.ActiveCfg = Debug|Win32
		{1909E052-890B-448F-8D80-5A50FB3E2C4F}.Debug|x86.Build.0 = Debug|Win32
		{1909E052-890B-448F-8D80-5A50FB3E2C4F}.Release|x64.ActiveCfg = Release|x64
		{1909E052-890B-448F-8D80-5A50FB3E2C4F}.Release|x64.Build.0 = Release|x64
		{1909E052-890B-448F-8D80-5A50FB3E2C4F}.Release|x86.ActiveCfg = Release|Win32
		{1909E052-890B-448F-8D80-5A50FB3E2C4F}.Release|x86.Build.0 = Release|Win32
		{6427A147-7C34-487F-9A23-7450BE1E5AF4}.Debug|x64.ActiveCfg = Debug|x64
		{6427A147-7C34-487F-9A23-7450BE1E5AF4}.Debug|x64.Build.0 = Debug|x64
		{6427A147-7C34-487F-9A23-7450BE1E5AF4}.Debug|x86.ActiveCfg = Debug|Win32
		{6427A147-7C34-487F-9A23-7450BE1E5AF4}.Debug|x86.Build.0 = Debug|Win32
		{6427A147-7C34-487F-9A23-7450BE1E5AF4}.Release|x64.ActiveCfg = Release|x64
		{6427A147-7C34-487F-9A23-7450BE1E5AF4}.Release|x64.Build.0 = Release|x64
		{6427A147-7C34-487F-9A23-7450BE1E5AF4}.Release|x86.ActiveCfg = Release|Win32
		{6427A147-7C34-487F-9A23-7450BE1E5AF4}.Release|x86.Build.0 = Release|Win32
		{71D3BBE5-996A-4D27-B0AE-DAD1AC455D98}.Debug|x64.ActiveCfg = Debug|x64
		{71D3BBE5-996A-4D27-B0AE-DAD1AC455D98}.Debug|x64.Build.0 = Debug|x64
		{71D3BBE5-996A-4D27-B0AE-DAD1AC455D98}.Debug|x86.ActiveCfg = Debug|Win32
		{71D3BBE5-996A-4D27-B0AE-DAD1AC455D98}.Debug|x86.Build.0 = Debug|Win32
		{71D3BBE5-996A-4D27-B0AE-DAD1AC455D98}.Release|x64.ActiveCfg = Release|x64
		{71D3BBE5-996A-4D27-B0AE-DAD1AC455D98}.Release|x64.Build.0 = Release|x64
		{71D3BBE5-996A-4D27-B0AE-DAD1AC455D98}.Release|x86.ActiveCfg = Release|Win32
		{71D3BBE5-996A-4D27-B0AE-DAD1AC455D98}.Release|x86.Build.0 = Release|Win32
		{00A38308-5F20-469D-AB7F-CF4DA9B36335}.Debug|x64.ActiveCfg = Debug|x64
		{00A38308-5F20-469D-AB7F-CF4DA9B36335}.Debug|x64.Build.0 = Debug|x64
		{00A38308-5F20-469D-AB7F-CF4DA9B36335}.Debug|x86.ActiveCfg = Debug|Win32
		{00A38308-5F20-469D-AB7F-CF4DA9B36335}.Debug|x86.Build.0 = Debug|Win32
		{00A38308-5F20-469D-AB7F-CF4DA9B36335}.Release|x64.ActiveCfg = Release|x64
		{00A38308-5F20-469D-AB7F-CF4DA9B36335}.Release|x64.Build.0 = Release|x64
		{00A38308-5F20-469D-AB7F-CF4DA9B36335}.Release|x86.ActiveCfg = Release|Win32
		{00A38308-5F20-469D-AB7F-CF4DA9B36335}.Release|x86.Build.0 = Release|Win32
		{C14DDF88-B629-4177-977A-F3840CF1D01D}.Debug|x64.ActiveCfg = Debug|x64
		{C14DDF88-B629-4177-977A-F3840CF1D01D}.Debug|x64.Build.0 = Debug|x64
		{C14DDF88-B629-4177-977A-F3840CF1D01D}.Debug|x86.ActiveCfg = Debug|Win32
		{C14DDF88-B629-4177-977A-F3840CF1D01D}.Debug|x86.Build.0 = Debug|Win32
		{C14DDF88-B629-4177-977A-F3840CF1D01D}.Release|x64.ActiveCfg = Release|x64
		{C14DDF88-B629-4177-977A-F3840CF1D01D}.Release|x64.Build.0 = Release|x64
		{C14DDF88-B629-4177-977A-F3840CF1D01D}.Release|x86.ActiveCfg = Release|Win32
		{C14DDF88-B629-4177-977A-F3840CF1D01D}.Release|x86.Build.0 = Release|Win32
		{FC5697E3-0DA1-4C4F-BB64-17A3570ADD21}.Debug|x64.ActiveCfg = Debug|x64
		{FC5697E3-0DA1-4C4F-BB64-17A3570ADD21}.Debug|x64.Build.0 = Debug|x64
		{FC5697E3-0DA1-4C4F-BB64-17A3570ADD21}.Debug|x86.ActiveCfg = Debug|Win32
		{FC5697E3-0DA1-4C4F-BB64-17A3570ADD21}.Debug|x86.Build.0 = Debug|Win32
		{FC5697E3-0DA1-4C4F-BB64-17A3570ADD21}.Release|x64.ActiveCfg = Release|x64
		{FC5697E3-0DA1-4C4F-BB64-17A3570ADD21}.Release|x64.Build.0 = Release|x64
		{FC5697E3-0DA1-4C4F-BB64-17A3570ADD21}.Release|x86.ActiveCfg = Release|Win32
		{FC5697E3-0DA1-4C4F-BB64-17A3570ADD21}.Release|x86.Build.0 = Release|Win32
		{0FBB54A7-427E-4BCE-8D58-34F7867267CC}.Debug|x64.ActiveCfg = Debug|x64
		{0FBB54A7-427E-4BCE-8D58-34F7867267CC}.Debug|x64.Build.0 = Debug|x64
		{0FBB54A7-427E-4BCE-8D58-34F7867267CC}.Debug|x86.ActiveCfg = Debug|Win32
		{0FBB54A7-427E-4BCE-8D58-34F7867267CC}.Debug|x86.Build.0 = Debug|Win32
		{0FBB54A7-427E-4BCE-8D58-34F7867267CC}.Release|x64.ActiveCfg = Release|x64
		{0FBB54A7-427E-4BCE-8D58-34F7867267CC}.Release|x64.Build.0 = Release|x64
		{0FBB54A7-427E-4BCE-8D58-34F7867267CC}.Release|x86.ActiveCfg = Release|Win32
		{0FBB54A7-427E-4BCE-8D58-34F7867267CC}.Release|x86.Build.0 = Release|Win32
		{42D29997-32A1-486E-BA89-44C742287C4A}.Debug|x64.ActiveCfg = Debug|x64
		{42D29997-32A1-486E-BA89-44C742287C4A}.Debug|x64.Build.0 = Debug|x64
		{42D29997-32A1-486E-BA89-44C742287C4A}.Debug|x86.ActiveCfg = Debug|Win32
		{42D29997-32A1-486E-BA89-44C742287C4A}.Debug|x86.Build.0 = Debug|Win32
		{42D29997-32A1-486E-BA89-44C742287C4A}.Release|x64.ActiveCfg = Release|x64
		{42D29997-32A1-486E-BA89-44C742287C4A}.Release|x64.Build.0 = Release|x64
		{42D29997-32A1-486E-BA89-44C742287C4A}.Release|x86.ActiveCfg = Release|Win32
		{42D29997-32A1-486E-BA89-44C742287C4A}.Release|x86.Build.0 = Release|Win32
	EndGlobalSection
	GlobalSection(SolutionProperties) = preSolution
		HideSolutionNode = FALSE
	EndGlobalSection
	GlobalSection(ExtensibilityGlobals) = postSolution
		SolutionGuid = {B9CD105B-DB14-4A30-9665-662ECEB2AEB2}
	EndGlobalSection
EndGlobal
